// !$*UTF8*$!
{
	archiveVersion = 1;
	classes = {
	};
	objectVersion = 50;
	objects = {

/* Begin PBXBuildFile section */
		ECC75639222BAC67008CC14A /* AppDelegate.swift in Sources */ = {isa = PBXBuildFile; fileRef = ECC75638222BAC67008CC14A /* AppDelegate.swift */; };
		ECC7563B222BAC67008CC14A /* ViewController.swift in Sources */ = {isa = PBXBuildFile; fileRef = ECC7563A222BAC67008CC14A /* ViewController.swift */; };
		ECC7563E222BAC67008CC14A /* Main.storyboard in Resources */ = {isa = PBXBuildFile; fileRef = ECC7563C222BAC67008CC14A /* Main.storyboard */; };
		ECC75640222BAC68008CC14A /* Assets.xcassets in Resources */ = {isa = PBXBuildFile; fileRef = ECC7563F222BAC68008CC14A /* Assets.xcassets */; };
		ECC75643222BAC68008CC14A /* LaunchScreen.storyboard in Resources */ = {isa = PBXBuildFile; fileRef = ECC75641222BAC68008CC14A /* LaunchScreen.storyboard */; };
		ECC7564E222BAC68008CC14A /* CustomerTests.swift in Sources */ = {isa = PBXBuildFile; fileRef = ECC7564D222BAC68008CC14A /* CustomerTests.swift */; };
		ECC7565B222BB281008CC14A /* Customer.swift in Sources */ = {isa = PBXBuildFile; fileRef = ECC7565A222BB281008CC14A /* Customer.swift */; };
		ECC7565D222BB2AF008CC14A /* Coordinate.swift in Sources */ = {isa = PBXBuildFile; fileRef = ECC7565C222BB2AF008CC14A /* Coordinate.swift */; };
		ECC7565F222BB31A008CC14A /* CoordinateTests.swift in Sources */ = {isa = PBXBuildFile; fileRef = ECC7565E222BB31A008CC14A /* CoordinateTests.swift */; };
/* End PBXBuildFile section */

/* Begin PBXContainerItemProxy section */
		ECC7564A222BAC68008CC14A /* PBXContainerItemProxy */ = {
			isa = PBXContainerItemProxy;
			containerPortal = ECC7562D222BAC67008CC14A /* Project object */;
			proxyType = 1;
			remoteGlobalIDString = ECC75634222BAC67008CC14A;
			remoteInfo = Customer;
		};
/* End PBXContainerItemProxy section */

/* Begin PBXFileReference section */
		ECC75635222BAC67008CC14A /* Customer.app */ = {isa = PBXFileReference; explicitFileType = wrapper.application; includeInIndex = 0; path = Customer.app; sourceTree = BUILT_PRODUCTS_DIR; };
		ECC75638222BAC67008CC14A /* AppDelegate.swift */ = {isa = PBXFileReference; lastKnownFileType = sourcecode.swift; path = AppDelegate.swift; sourceTree = "<group>"; };
		ECC7563A222BAC67008CC14A /* ViewController.swift */ = {isa = PBXFileReference; lastKnownFileType = sourcecode.swift; path = ViewController.swift; sourceTree = "<group>"; };
		ECC7563D222BAC67008CC14A /* Base */ = {isa = PBXFileReference; lastKnownFileType = file.storyboard; name = Base; path = Base.lproj/Main.storyboard; sourceTree = "<group>"; };
		ECC7563F222BAC68008CC14A /* Assets.xcassets */ = {isa = PBXFileReference; lastKnownFileType = folder.assetcatalog; path = Assets.xcassets; sourceTree = "<group>"; };
		ECC75642222BAC68008CC14A /* Base */ = {isa = PBXFileReference; lastKnownFileType = file.storyboard; name = Base; path = Base.lproj/LaunchScreen.storyboard; sourceTree = "<group>"; };
		ECC75644222BAC68008CC14A /* Info.plist */ = {isa = PBXFileReference; lastKnownFileType = text.plist.xml; path = Info.plist; sourceTree = "<group>"; };
		ECC75649222BAC68008CC14A /* CustomerTests.xctest */ = {isa = PBXFileReference; explicitFileType = wrapper.cfbundle; includeInIndex = 0; path = CustomerTests.xctest; sourceTree = BUILT_PRODUCTS_DIR; };
		ECC7564D222BAC68008CC14A /* CustomerTests.swift */ = {isa = PBXFileReference; lastKnownFileType = sourcecode.swift; path = CustomerTests.swift; sourceTree = "<group>"; };
		ECC7564F222BAC68008CC14A /* Info.plist */ = {isa = PBXFileReference; lastKnownFileType = text.plist.xml; path = Info.plist; sourceTree = "<group>"; };
		ECC7565A222BB281008CC14A /* Customer.swift */ = {isa = PBXFileReference; lastKnownFileType = sourcecode.swift; path = Customer.swift; sourceTree = "<group>"; };
		ECC7565C222BB2AF008CC14A /* Coordinate.swift */ = {isa = PBXFileReference; lastKnownFileType = sourcecode.swift; path = Coordinate.swift; sourceTree = "<group>"; };
		ECC7565E222BB31A008CC14A /* CoordinateTests.swift */ = {isa = PBXFileReference; lastKnownFileType = sourcecode.swift; path = CoordinateTests.swift; sourceTree = "<group>"; };
/* End PBXFileReference section */

/* Begin PBXFrameworksBuildPhase section */
		ECC75632222BAC67008CC14A /* Frameworks */ = {
			isa = PBXFrameworksBuildPhase;
			buildActionMask = 2147483647;
			files = (
			);
			runOnlyForDeploymentPostprocessing = 0;
		};
		ECC75646222BAC68008CC14A /* Frameworks */ = {
			isa = PBXFrameworksBuildPhase;
			buildActionMask = 2147483647;
			files = (
			);
			runOnlyForDeploymentPostprocessing = 0;
		};
/* End PBXFrameworksBuildPhase section */

/* Begin PBXGroup section */
		ECC7562C222BAC67008CC14A = {
			isa = PBXGroup;
			children = (
				ECC75637222BAC67008CC14A /* Customer */,
				ECC7564C222BAC68008CC14A /* CustomerTests */,
				ECC75636222BAC67008CC14A /* Products */,
			);
			sourceTree = "<group>";
		};
		ECC75636222BAC67008CC14A /* Products */ = {
			isa = PBXGroup;
			children = (
				ECC75635222BAC67008CC14A /* Customer.app */,
				ECC75649222BAC68008CC14A /* CustomerTests.xctest */,
			);
			name = Products;
			sourceTree = "<group>";
		};
		ECC75637222BAC67008CC14A /* Customer */ = {
			isa = PBXGroup;
			children = (
				ECC75638222BAC67008CC14A /* AppDelegate.swift */,
				ECC7563A222BAC67008CC14A /* ViewController.swift */,
				ECC75663222BB395008CC14A /* Search */,
				ECC75660222BB362008CC14A /* Data */,
				ECC7563C222BAC67008CC14A /* Main.storyboard */,
				ECC7563F222BAC68008CC14A /* Assets.xcassets */,
				ECC75641222BAC68008CC14A /* LaunchScreen.storyboard */,
				ECC75644222BAC68008CC14A /* Info.plist */,
			);
			path = Customer;
			sourceTree = "<group>";
		};
		ECC7564C222BAC68008CC14A /* CustomerTests */ = {
			isa = PBXGroup;
			children = (
				ECC7564D222BAC68008CC14A /* CustomerTests.swift */,
				ECC7565E222BB31A008CC14A /* CoordinateTests.swift */,
				ECC7564F222BAC68008CC14A /* Info.plist */,
			);
			path = CustomerTests;
			sourceTree = "<group>";
		};
		ECC75659222BB266008CC14A /* Model */ = {
			isa = PBXGroup;
			children = (
				ECC7565A222BB281008CC14A /* Customer.swift */,
				ECC7565C222BB2AF008CC14A /* Coordinate.swift */,
			);
			path = Model;
			sourceTree = "<group>";
		};
		ECC75660222BB362008CC14A /* Data */ = {
			isa = PBXGroup;
			children = (
			);
			path = Data;
			sourceTree = "<group>";
		};
		ECC75661222BB36E008CC14A /* Controllers */ = {
			isa = PBXGroup;
			children = (
			);
			path = Controllers;
			sourceTree = "<group>";
		};
		ECC75663222BB395008CC14A /* Search */ = {
			isa = PBXGroup;
			children = (
				ECC75659222BB266008CC14A /* Model */,
				ECC75661222BB36E008CC14A /* Controllers */,
			);
			path = Search;
			sourceTree = "<group>";
		};
/* End PBXGroup section */

/* Begin PBXNativeTarget section */
		ECC75634222BAC67008CC14A /* Customer */ = {
			isa = PBXNativeTarget;
			buildConfigurationList = ECC75652222BAC68008CC14A /* Build configuration list for PBXNativeTarget "Customer" */;
			buildPhases = (
				ECC75631222BAC67008CC14A /* Sources */,
				ECC75632222BAC67008CC14A /* Frameworks */,
				ECC75633222BAC67008CC14A /* Resources */,
			);
			buildRules = (
			);
			dependencies = (
			);
			name = Customer;
			productName = Customer;
			productReference = ECC75635222BAC67008CC14A /* Customer.app */;
			productType = "com.apple.product-type.application";
		};
		ECC75648222BAC68008CC14A /* CustomerTests */ = {
			isa = PBXNativeTarget;
			buildConfigurationList = ECC75655222BAC68008CC14A /* Build configuration list for PBXNativeTarget "CustomerTests" */;
			buildPhases = (
				ECC75645222BAC68008CC14A /* Sources */,
				ECC75646222BAC68008CC14A /* Frameworks */,
				ECC75647222BAC68008CC14A /* Resources */,
			);
			buildRules = (
			);
			dependencies = (
				ECC7564B222BAC68008CC14A /* PBXTargetDependency */,
			);
			name = CustomerTests;
			productName = CustomerTests;
			productReference = ECC75649222BAC68008CC14A /* CustomerTests.xctest */;
			productType = "com.apple.product-type.bundle.unit-test";
		};
/* End PBXNativeTarget section */

/* Begin PBXProject section */
		ECC7562D222BAC67008CC14A /* Project object */ = {
			isa = PBXProject;
			attributes = {
				LastSwiftUpdateCheck = 1010;
				LastUpgradeCheck = 1010;
				ORGANIZATIONNAME = "Anil Varghese";
				TargetAttributes = {
					ECC75634222BAC67008CC14A = {
						CreatedOnToolsVersion = 10.1;
					};
					ECC75648222BAC68008CC14A = {
						CreatedOnToolsVersion = 10.1;
						TestTargetID = ECC75634222BAC67008CC14A;
					};
				};
			};
			buildConfigurationList = ECC75630222BAC67008CC14A /* Build configuration list for PBXProject "Customer" */;
			compatibilityVersion = "Xcode 9.3";
			developmentRegion = en;
			hasScannedForEncodings = 0;
			knownRegions = (
				en,
				Base,
			);
			mainGroup = ECC7562C222BAC67008CC14A;
			productRefGroup = ECC75636222BAC67008CC14A /* Products */;
			projectDirPath = "";
			projectRoot = "";
			targets = (
				ECC75634222BAC67008CC14A /* Customer */,
				ECC75648222BAC68008CC14A /* CustomerTests */,
			);
		};
/* End PBXProject section */

/* Begin PBXResourcesBuildPhase section */
		ECC75633222BAC67008CC14A /* Resources */ = {
			isa = PBXResourcesBuildPhase;
			buildActionMask = 2147483647;
			files = (
				ECC75643222BAC68008CC14A /* LaunchScreen.storyboard in Resources */,
				ECC75640222BAC68008CC14A /* Assets.xcassets in Resources */,
				ECC7563E222BAC67008CC14A /* Main.storyboard in Resources */,
			);
			runOnlyForDeploymentPostprocessing = 0;
		};
		ECC75647222BAC68008CC14A /* Resources */ = {
			isa = PBXResourcesBuildPhase;
			buildActionMask = 2147483647;
			files = (
			);
			runOnlyForDeploymentPostprocessing = 0;
		};
/* End PBXResourcesBuildPhase section */

/* Begin PBXSourcesBuildPhase section */
		ECC75631222BAC67008CC14A /* Sources */ = {
			isa = PBXSourcesBuildPhase;
			buildActionMask = 2147483647;
			files = (
				ECC7565B222BB281008CC14A /* Customer.swift in Sources */,
				ECC7563B222BAC67008CC14A /* ViewController.swift in Sources */,
				ECC75639222BAC67008CC14A /* AppDelegate.swift in Sources */,
				ECC7565D222BB2AF008CC14A /* Coordinate.swift in Sources */,
			);
			runOnlyForDeploymentPostprocessing = 0;
		};
		ECC75645222BAC68008CC14A /* Sources */ = {
			isa = PBXSourcesBuildPhase;
			buildActionMask = 2147483647;
			files = (
				ECC7564E222BAC68008CC14A /* CustomerTests.swift in Sources */,
				ECC7565F222BB31A008CC14A /* CoordinateTests.swift in Sources */,
			);
			runOnlyForDeploymentPostprocessing = 0;
		};
/* End PBXSourcesBuildPhase section */

/* Begin PBXTargetDependency section */
		ECC7564B222BAC68008CC14A /* PBXTargetDependency */ = {
			isa = PBXTargetDependency;
			target = ECC75634222BAC67008CC14A /* Customer */;
			targetProxy = ECC7564A222BAC68008CC14A /* PBXContainerItemProxy */;
		};
/* End PBXTargetDependency section */

/* Begin PBXVariantGroup section */
		ECC7563C222BAC67008CC14A /* Main.storyboard */ = {
			isa = PBXVariantGroup;
			children = (
				ECC7563D222BAC67008CC14A /* Base */,
			);
			name = Main.storyboard;
			sourceTree = "<group>";
		};
		ECC75641222BAC68008CC14A /* LaunchScreen.storyboard */ = {
			isa = PBXVariantGroup;
			children = (
				ECC75642222BAC68008CC14A /* Base */,
			);
			name = LaunchScreen.storyboard;
			sourceTree = "<group>";
		};
/* End PBXVariantGroup section */

/* Begin XCBuildConfiguration section */
		ECC75650222BAC68008CC14A /* Debug */ = {
			isa = XCBuildConfiguration;
			buildSettings = {
				ALWAYS_SEARCH_USER_PATHS = NO;
				CLANG_ANALYZER_NONNULL = YES;
				CLANG_ANALYZER_NUMBER_OBJECT_CONVERSION = YES_AGGRESSIVE;
				CLANG_CXX_LANGUAGE_STANDARD = "gnu++14";
				CLANG_CXX_LIBRARY = "libc++";
				CLANG_ENABLE_MODULES = YES;
				CLANG_ENABLE_OBJC_ARC = YES;
				CLANG_ENABLE_OBJC_WEAK = YES;
				CLANG_WARN_BLOCK_CAPTURE_AUTORELEASING = YES;
				CLANG_WARN_BOOL_CONVERSION = YES;
				CLANG_WARN_COMMA = YES;
				CLANG_WARN_CONSTANT_CONVERSION = YES;
				CLANG_WARN_DEPRECATED_OBJC_IMPLEMENTATIONS = YES;
				CLANG_WARN_DIRECT_OBJC_ISA_USAGE = YES_ERROR;
				CLANG_WARN_DOCUMENTATION_COMMENTS = YES;
				CLANG_WARN_EMPTY_BODY = YES;
				CLANG_WARN_ENUM_CONVERSION = YES;
				CLANG_WARN_INFINITE_RECURSION = YES;
				CLANG_WARN_INT_CONVERSION = YES;
				CLANG_WARN_NON_LITERAL_NULL_CONVERSION = YES;
				CLANG_WARN_OBJC_IMPLICIT_RETAIN_SELF = YES;
				CLANG_WARN_OBJC_LITERAL_CONVERSION = YES;
				CLANG_WARN_OBJC_ROOT_CLASS = YES_ERROR;
				CLANG_WARN_RANGE_LOOP_ANALYSIS = YES;
				CLANG_WARN_STRICT_PROTOTYPES = YES;
				CLANG_WARN_SUSPICIOUS_MOVE = YES;
				CLANG_WARN_UNGUARDED_AVAILABILITY = YES_AGGRESSIVE;
				CLANG_WARN_UNREACHABLE_CODE = YES;
				CLANG_WARN__DUPLICATE_METHOD_MATCH = YES;
				CODE_SIGN_IDENTITY = "iPhone Developer";
				COPY_PHASE_STRIP = NO;
				DEBUG_INFORMATION_FORMAT = dwarf;
				ENABLE_STRICT_OBJC_MSGSEND = YES;
				ENABLE_TESTABILITY = YES;
				GCC_C_LANGUAGE_STANDARD = gnu11;
				GCC_DYNAMIC_NO_PIC = NO;
				GCC_NO_COMMON_BLOCKS = YES;
				GCC_OPTIMIZATION_LEVEL = 0;
				GCC_PREPROCESSOR_DEFINITIONS = (
					"DEBUG=1",
					"$(inherited)",
				);
				GCC_WARN_64_TO_32_BIT_CONVERSION = YES;
				GCC_WARN_ABOUT_RETURN_TYPE = YES_ERROR;
				GCC_WARN_UNDECLARED_SELECTOR = YES;
				GCC_WARN_UNINITIALIZED_AUTOS = YES_AGGRESSIVE;
				GCC_WARN_UNUSED_FUNCTION = YES;
				GCC_WARN_UNUSED_VARIABLE = YES;
				IPHONEOS_DEPLOYMENT_TARGET = 12.1;
				MTL_ENABLE_DEBUG_INFO = INCLUDE_SOURCE;
				MTL_FAST_MATH = YES;
				ONLY_ACTIVE_ARCH = YES;
				SDKROOT = iphoneos;
				SWIFT_ACTIVE_COMPILATION_CONDITIONS = DEBUG;
				SWIFT_OPTIMIZATION_LEVEL = "-Onone";
			};
			name = Debug;
		};
		ECC75651222BAC68008CC14A /* Release */ = {
			isa = XCBuildConfiguration;
			buildSettings = {
				ALWAYS_SEARCH_USER_PATHS = NO;
				CLANG_ANALYZER_NONNULL = YES;
				CLANG_ANALYZER_NUMBER_OBJECT_CONVERSION = YES_AGGRESSIVE;
				CLANG_CXX_LANGUAGE_STANDARD = "gnu++14";
				CLANG_CXX_LIBRARY = "libc++";
				CLANG_ENABLE_MODULES = YES;
				CLANG_ENABLE_OBJC_ARC = YES;
				CLANG_ENABLE_OBJC_WEAK = YES;
				CLANG_WARN_BLOCK_CAPTURE_AUTORELEASING = YES;
				CLANG_WARN_BOOL_CONVERSION = YES;
				CLANG_WARN_COMMA = YES;
				CLANG_WARN_CONSTANT_CONVERSION = YES;
				CLANG_WARN_DEPRECATED_OBJC_IMPLEMENTATIONS = YES;
				CLANG_WARN_DIRECT_OBJC_ISA_USAGE = YES_ERROR;
				CLANG_WARN_DOCUMENTATION_COMMENTS = YES;
				CLANG_WARN_EMPTY_BODY = YES;
				CLANG_WARN_ENUM_CONVERSION = YES;
				CLANG_WARN_INFINITE_RECURSION = YES;
				CLANG_WARN_INT_CONVERSION = YES;
				CLANG_WARN_NON_LITERAL_NULL_CONVERSION = YES;
				CLANG_WARN_OBJC_IMPLICIT_RETAIN_SELF = YES;
				CLANG_WARN_OBJC_LITERAL_CONVERSION = YES;
				CLANG_WARN_OBJC_ROOT_CLASS = YES_ERROR;
				CLANG_WARN_RANGE_LOOP_ANALYSIS = YES;
				CLANG_WARN_STRICT_PROTOTYPES = YES;
				CLANG_WARN_SUSPICIOUS_MOVE = YES;
				CLANG_WARN_UNGUARDED_AVAILABILITY = YES_AGGRESSIVE;
				CLANG_WARN_UNREACHABLE_CODE = YES;
				CLANG_WARN__DUPLICATE_METHOD_MATCH = YES;
				CODE_SIGN_IDENTITY = "iPhone Developer";
				COPY_PHASE_STRIP = NO;
				DEBUG_INFORMATION_FORMAT = "dwarf-with-dsym";
				ENABLE_NS_ASSERTIONS = NO;
				ENABLE_STRICT_OBJC_MSGSEND = YES;
				GCC_C_LANGUAGE_STANDARD = gnu11;
				GCC_NO_COMMON_BLOCKS = YES;
				GCC_WARN_64_TO_32_BIT_CONVERSION = YES;
				GCC_WARN_ABOUT_RETURN_TYPE = YES_ERROR;
				GCC_WARN_UNDECLARED_SELECTOR = YES;
				GCC_WARN_UNINITIALIZED_AUTOS = YES_AGGRESSIVE;
				GCC_WARN_UNUSED_FUNCTION = YES;
				GCC_WARN_UNUSED_VARIABLE = YES;
				IPHONEOS_DEPLOYMENT_TARGET = 12.1;
				MTL_ENABLE_DEBUG_INFO = NO;
				MTL_FAST_MATH = YES;
				SDKROOT = iphoneos;
				SWIFT_COMPILATION_MODE = wholemodule;
				SWIFT_OPTIMIZATION_LEVEL = "-O";
				VALIDATE_PRODUCT = YES;
			};
			name = Release;
		};
		ECC75653222BAC68008CC14A /* Debug */ = {
			isa = XCBuildConfiguration;
			buildSettings = {
				ASSETCATALOG_COMPILER_APPICON_NAME = AppIcon;
				CODE_SIGN_STYLE = Automatic;
				INFOPLIST_FILE = Customer/Info.plist;
				LD_RUNPATH_SEARCH_PATHS = (
					"$(inherited)",
					"@executable_path/Frameworks",
				);
				PRODUCT_BUNDLE_IDENTIFIER = com.anilvarghese.Customer;
				PRODUCT_NAME = "$(TARGET_NAME)";
				SWIFT_VERSION = 4.2;
				TARGETED_DEVICE_FAMILY = "1,2";
			};
			name = Debug;
		};
		ECC75654222BAC68008CC14A /* Release */ = {
			isa = XCBuildConfiguration;
			buildSettings = {
				ASSETCATALOG_COMPILER_APPICON_NAME = AppIcon;
				CODE_SIGN_STYLE = Automatic;
				INFOPLIST_FILE = Customer/Info.plist;
				LD_RUNPATH_SEARCH_PATHS = (
					"$(inherited)",
					"@executable_path/Frameworks",
				);
				PRODUCT_BUNDLE_IDENTIFIER = com.anilvarghese.Customer;
				PRODUCT_NAME = "$(TARGET_NAME)";
				SWIFT_VERSION = 4.2;
				TARGETED_DEVICE_FAMILY = "1,2";
			};
			name = Release;
		};
		ECC75656222BAC68008CC14A /* Debug */ = {
			isa = XCBuildConfiguration;
			buildSettings = {
				ALWAYS_EMBED_SWIFT_STANDARD_LIBRARIES = YES;
				BUNDLE_LOADER = "$(TEST_HOST)";
				CODE_SIGN_STYLE = Automatic;
				INFOPLIST_FILE = CustomerTests/Info.plist;
				LD_RUNPATH_SEARCH_PATHS = (
					"$(inherited)",
					"@executable_path/Frameworks",
					"@loader_path/Frameworks",
				);
				PRODUCT_BUNDLE_IDENTIFIER = com.anilvarghese.CustomerTests;
				PRODUCT_NAME = "$(TARGET_NAME)";
				SWIFT_VERSION = 4.2;
				TARGETED_DEVICE_FAMILY = "1,2";
				TEST_HOST = "$(BUILT_PRODUCTS_DIR)/Customer.app/Customer";
			};
			name = Debug;
		};
		ECC75657222BAC68008CC14A /* Release */ = {
			isa = XCBuildConfiguration;
			buildSettings = {
				ALWAYS_EMBED_SWIFT_STANDARD_LIBRARIES = YES;
				BUNDLE_LOADER = "$(TEST_HOST)";
				CODE_SIGN_STYLE = Automatic;
				INFOPLIST_FILE = CustomerTests/Info.plist;
				LD_RUNPATH_SEARCH_PATHS = (
					"$(inherited)",
					"@executable_path/Frameworks",
					"@loader_path/Frameworks",
				);
				PRODUCT_BUNDLE_IDENTIFIER = com.anilvarghese.CustomerTests;
				PRODUCT_NAME = "$(TARGET_NAME)";
				SWIFT_VERSION = 4.2;
				TARGETED_DEVICE_FAMILY = "1,2";
				TEST_HOST = "$(BUILT_PRODUCTS_DIR)/Customer.app/Customer";
			};
			name = Release;
		};
/* End XCBuildConfiguration section */

/* Begin XCConfigurationList section */
		ECC75630222BAC67008CC14A /* Build configuration list for PBXProject "Customer" */ = {
			isa = XCConfigurationList;
			buildConfigurations = (
				ECC75650222BAC68008CC14A /* Debug */,
				ECC75651222BAC68008CC14A /* Release */,
			);
			defaultConfigurationIsVisible = 0;
			defaultConfigurationName = Release;
		};
		ECC75652222BAC68008CC14A /* Build configuration list for PBXNativeTarget "Customer" */ = {
			isa = XCConfigurationList;
			buildConfigurations = (
				ECC75653222BAC68008CC14A /* Debug */,
				ECC75654222BAC68008CC14A /* Release */,
			);
			defaultConfigurationIsVisible = 0;
			defaultConfigurationName = Release;
		};
		ECC75655222BAC68008CC14A /* Build configuration list for PBXNativeTarget "CustomerTests" */ = {
			isa = XCConfigurationList;
			buildConfigurations = (
				ECC75656222BAC68008CC14A /* Debug */,
				ECC75657222BAC68008CC14A /* Release */,
			);
			defaultConfigurationIsVisible = 0;
			defaultConfigurationName = Release;
		};
/* End XCConfigurationList section */
	};
	rootObject = ECC7562D222BAC67008CC14A /* Project object */;
}
